// !$*UTF8*$!
{
	archiveVersion = 1;
	classes = {
	};
	objectVersion = 50;
	objects = {

/* Begin PBXBuildFile section */
		155907F02484235800B18440 /* AppDelegate.swift in Sources */ = {isa = PBXBuildFile; fileRef = 155907EF2484235800B18440 /* AppDelegate.swift */; };
		155907F22484235800B18440 /* SceneDelegate.swift in Sources */ = {isa = PBXBuildFile; fileRef = 155907F12484235800B18440 /* SceneDelegate.swift */; };
		155907F42484235800B18440 /* ViewController.swift in Sources */ = {isa = PBXBuildFile; fileRef = 155907F32484235800B18440 /* ViewController.swift */; };
		155907F72484235800B18440 /* Main.storyboard in Resources */ = {isa = PBXBuildFile; fileRef = 155907F52484235800B18440 /* Main.storyboard */; };
		155907F92484235B00B18440 /* Assets.xcassets in Resources */ = {isa = PBXBuildFile; fileRef = 155907F82484235B00B18440 /* Assets.xcassets */; };
		155907FC2484235B00B18440 /* LaunchScreen.storyboard in Resources */ = {isa = PBXBuildFile; fileRef = 155907FA2484235B00B18440 /* LaunchScreen.storyboard */; };
		155908052485D4C200B18440 /* InfoViewController.swift in Sources */ = {isa = PBXBuildFile; fileRef = 155908042485D4C200B18440 /* InfoViewController.swift */; };
		155908082485DB4A00B18440 /* WebKit.framework in Frameworks */ = {isa = PBXBuildFile; fileRef = 155908072485DB4A00B18440 /* WebKit.framework */; };
/* End PBXBuildFile section */

/* Begin PBXFileReference section */
		155907EC2484235800B18440 /* Colour Picker.app */ = {isa = PBXFileReference; explicitFileType = wrapper.application; includeInIndex = 0; path = "Colour Picker.app"; sourceTree = BUILT_PRODUCTS_DIR; };
		155907EF2484235800B18440 /* AppDelegate.swift */ = {isa = PBXFileReference; lastKnownFileType = sourcecode.swift; path = AppDelegate.swift; sourceTree = "<group>"; };
		155907F12484235800B18440 /* SceneDelegate.swift */ = {isa = PBXFileReference; lastKnownFileType = sourcecode.swift; path = SceneDelegate.swift; sourceTree = "<group>"; };
		155907F32484235800B18440 /* ViewController.swift */ = {isa = PBXFileReference; lastKnownFileType = sourcecode.swift; path = ViewController.swift; sourceTree = "<group>"; };
		155907F62484235800B18440 /* Base */ = {isa = PBXFileReference; lastKnownFileType = file.storyboard; name = Base; path = Base.lproj/Main.storyboard; sourceTree = "<group>"; };
		155907F82484235B00B18440 /* Assets.xcassets */ = {isa = PBXFileReference; lastKnownFileType = folder.assetcatalog; path = Assets.xcassets; sourceTree = "<group>"; };
		155907FB2484235B00B18440 /* Base */ = {isa = PBXFileReference; lastKnownFileType = file.storyboard; name = Base; path = Base.lproj/LaunchScreen.storyboard; sourceTree = "<group>"; };
		155907FD2484235B00B18440 /* Info.plist */ = {isa = PBXFileReference; lastKnownFileType = text.plist.xml; path = Info.plist; sourceTree = "<group>"; };
		155908042485D4C200B18440 /* InfoViewController.swift */ = {isa = PBXFileReference; lastKnownFileType = sourcecode.swift; path = InfoViewController.swift; sourceTree = "<group>"; };
		155908072485DB4A00B18440 /* WebKit.framework */ = {isa = PBXFileReference; lastKnownFileType = wrapper.framework; name = WebKit.framework; path = System/Library/Frameworks/WebKit.framework; sourceTree = SDKROOT; };
/* End PBXFileReference section */

/* Begin PBXFrameworksBuildPhase section */
		155907E92484235800B18440 /* Frameworks */ = {
			isa = PBXFrameworksBuildPhase;
			buildActionMask = 2147483647;
			files = (
				155908082485DB4A00B18440 /* WebKit.framework in Frameworks */,
			);
			runOnlyForDeploymentPostprocessing = 0;
		};
/* End PBXFrameworksBuildPhase section */

/* Begin PBXGroup section */
		155907E32484235800B18440 = {
			isa = PBXGroup;
			children = (
				155907EE2484235800B18440 /* Colour Picker */,
				155907ED2484235800B18440 /* Products */,
				155908062485DB4A00B18440 /* Frameworks */,
			);
			sourceTree = "<group>";
		};
		155907ED2484235800B18440 /* Products */ = {
			isa = PBXGroup;
			children = (
				155907EC2484235800B18440 /* Colour Picker.app */,
			);
			name = Products;
			sourceTree = "<group>";
		};
		155907EE2484235800B18440 /* Colour Picker */ = {
			isa = PBXGroup;
			children = (
				155907EF2484235800B18440 /* AppDelegate.swift */,
				155907F12484235800B18440 /* SceneDelegate.swift */,
				155907F32484235800B18440 /* ViewController.swift */,
				155907F52484235800B18440 /* Main.storyboard */,
				155907F82484235B00B18440 /* Assets.xcassets */,
				155907FA2484235B00B18440 /* LaunchScreen.storyboard */,
				155907FD2484235B00B18440 /* Info.plist */,
				155908042485D4C200B18440 /* InfoViewController.swift */,
			);
			path = "Colour Picker";
			sourceTree = "<group>";
		};
		155908062485DB4A00B18440 /* Frameworks */ = {
			isa = PBXGroup;
			children = (
				155908072485DB4A00B18440 /* WebKit.framework */,
			);
			name = Frameworks;
			sourceTree = "<group>";
		};
/* End PBXGroup section */

/* Begin PBXNativeTarget section */
		155907EB2484235800B18440 /* Colour Picker */ = {
			isa = PBXNativeTarget;
			buildConfigurationList = 155908002484235B00B18440 /* Build configuration list for PBXNativeTarget "Colour Picker" */;
			buildPhases = (
				155907E82484235800B18440 /* Sources */,
				155907E92484235800B18440 /* Frameworks */,
				155907EA2484235800B18440 /* Resources */,
			);
			buildRules = (
			);
			dependencies = (
			);
			name = "Colour Picker";
			productName = "Colour Picker";
			productReference = 155907EC2484235800B18440 /* Colour Picker.app */;
			productType = "com.apple.product-type.application";
		};
/* End PBXNativeTarget section */

/* Begin PBXProject section */
		155907E42484235800B18440 /* Project object */ = {
			isa = PBXProject;
			attributes = {
				LastSwiftUpdateCheck = 1140;
				LastUpgradeCheck = 1140;
				ORGANIZATIONNAME = "Ahmad Murad";
				TargetAttributes = {
					155907EB2484235800B18440 = {
						CreatedOnToolsVersion = 11.4.1;
					};
				};
			};
			buildConfigurationList = 155907E72484235800B18440 /* Build configuration list for PBXProject "Colour Picker" */;
			compatibilityVersion = "Xcode 9.3";
			developmentRegion = en;
			hasScannedForEncodings = 0;
			knownRegions = (
				en,
				Base,
			);
			mainGroup = 155907E32484235800B18440;
			productRefGroup = 155907ED2484235800B18440 /* Products */;
			projectDirPath = "";
			projectRoot = "";
			targets = (
				155907EB2484235800B18440 /* Colour Picker */,
			);
		};
/* End PBXProject section */

/* Begin PBXResourcesBuildPhase section */
		155907EA2484235800B18440 /* Resources */ = {
			isa = PBXResourcesBuildPhase;
			buildActionMask = 2147483647;
			files = (
				155907FC2484235B00B18440 /* LaunchScreen.storyboard in Resources */,
				155907F92484235B00B18440 /* Assets.xcassets in Resources */,
				155907F72484235800B18440 /* Main.storyboard in Resources */,
			);
			runOnlyForDeploymentPostprocessing = 0;
		};
/* End PBXResourcesBuildPhase section */

/* Begin PBXSourcesBuildPhase section */
		155907E82484235800B18440 /* Sources */ = {
			isa = PBXSourcesBuildPhase;
			buildActionMask = 2147483647;
			files = (
				155907F42484235800B18440 /* ViewController.swift in Sources */,
				155907F02484235800B18440 /* AppDelegate.swift in Sources */,
				155908052485D4C200B18440 /* InfoViewController.swift in Sources */,
				155907F22484235800B18440 /* SceneDelegate.swift in Sources */,
			);
			runOnlyForDeploymentPostprocessing = 0;
		};
/* End PBXSourcesBuildPhase section */

/* Begin PBXVariantGroup section */
		155907F52484235800B18440 /* Main.storyboard */ = {
			isa = PBXVariantGroup;
			children = (
				155907F62484235800B18440 /* Base */,
			);
			name = Main.storyboard;
			sourceTree = "<group>";
		};
		155907FA2484235B00B18440 /* LaunchScreen.storyboard */ = {
			isa = PBXVariantGroup;
			children = (
				155907FB2484235B00B18440 /* Base */,
			);
			name = LaunchScreen.storyboard;
			sourceTree = "<group>";
		};
/* End PBXVariantGroup section */

/* Begin XCBuildConfiguration section */
		155907FE2484235B00B18440 /* Debug */ = {
			isa = XCBuildConfiguration;
			buildSettings = {
				ALWAYS_SEARCH_USER_PATHS = NO;
				CLANG_ANALYZER_NONNULL = YES;
				CLANG_ANALYZER_NUMBER_OBJECT_CONVERSION = YES_AGGRESSIVE;
				CLANG_CXX_LANGUAGE_STANDARD = "gnu++14";
				CLANG_CXX_LIBRARY = "libc++";
				CLANG_ENABLE_MODULES = YES;
				CLANG_ENABLE_OBJC_ARC = YES;
				CLANG_ENABLE_OBJC_WEAK = YES;
				CLANG_WARN_BLOCK_CAPTURE_AUTORELEASING = YES;
				CLANG_WARN_BOOL_CONVERSION = YES;
				CLANG_WARN_COMMA = YES;
				CLANG_WARN_CONSTANT_CONVERSION = YES;
				CLANG_WARN_DEPRECATED_OBJC_IMPLEMENTATIONS = YES;
				CLANG_WARN_DIRECT_OBJC_ISA_USAGE = YES_ERROR;
				CLANG_WARN_DOCUMENTATION_COMMENTS = YES;
				CLANG_WARN_EMPTY_BODY = YES;
				CLANG_WARN_ENUM_CONVERSION = YES;
				CLANG_WARN_INFINITE_RECURSION = YES;
				CLANG_WARN_INT_CONVERSION = YES;
				CLANG_WARN_NON_LITERAL_NULL_CONVERSION = YES;
				CLANG_WARN_OBJC_IMPLICIT_RETAIN_SELF = YES;
				CLANG_WARN_OBJC_LITERAL_CONVERSION = YES;
				CLANG_WARN_OBJC_ROOT_CLASS = YES_ERROR;
				CLANG_WARN_RANGE_LOOP_ANALYSIS = YES;
				CLANG_WARN_STRICT_PROTOTYPES = YES;
				CLANG_WARN_SUSPICIOUS_MOVE = YES;
				CLANG_WARN_UNGUARDED_AVAILABILITY = YES_AGGRESSIVE;
				CLANG_WARN_UNREACHABLE_CODE = YES;
				CLANG_WARN__DUPLICATE_METHOD_MATCH = YES;
				COPY_PHASE_STRIP = NO;
				DEBUG_INFORMATION_FORMAT = dwarf;
				ENABLE_STRICT_OBJC_MSGSEND = YES;
				ENABLE_TESTABILITY = YES;
				GCC_C_LANGUAGE_STANDARD = gnu11;
				GCC_DYNAMIC_NO_PIC = NO;
				GCC_NO_COMMON_BLOCKS = YES;
				GCC_OPTIMIZATION_LEVEL = 0;
				GCC_PREPROCESSOR_DEFINITIONS = (
					"DEBUG=1",
					"$(inherited)",
				);
				GCC_WARN_64_TO_32_BIT_CONVERSION = YES;
				GCC_WARN_ABOUT_RETURN_TYPE = YES_ERROR;
				GCC_WARN_UNDECLARED_SELECTOR = YES;
				GCC_WARN_UNINITIALIZED_AUTOS = YES_AGGRESSIVE;
				GCC_WARN_UNUSED_FUNCTION = YES;
				GCC_WARN_UNUSED_VARIABLE = YES;
				IPHONEOS_DEPLOYMENT_TARGET = 13.4;
				MTL_ENABLE_DEBUG_INFO = INCLUDE_SOURCE;
				MTL_FAST_MATH = YES;
				ONLY_ACTIVE_ARCH = YES;
				SDKROOT = iphoneos;
				SWIFT_ACTIVE_COMPILATION_CONDITIONS = DEBUG;
				SWIFT_OPTIMIZATION_LEVEL = "-Onone";
			};
			name = Debug;
		};
		155907FF2484235B00B18440 /* Release */ = {
			isa = XCBuildConfiguration;
			buildSettings = {
				ALWAYS_SEARCH_USER_PATHS = NO;
				CLANG_ANALYZER_NONNULL = YES;
				CLANG_ANALYZER_NUMBER_OBJECT_CONVERSION = YES_AGGRESSIVE;
				CLANG_CXX_LANGUAGE_STANDARD = "gnu++14";
				CLANG_CXX_LIBRARY = "libc++";
				CLANG_ENABLE_MODULES = YES;
				CLANG_ENABLE_OBJC_ARC = YES;
				CLANG_ENABLE_OBJC_WEAK = YES;
				CLANG_WARN_BLOCK_CAPTURE_AUTORELEASING = YES;
				CLANG_WARN_BOOL_CONVERSION = YES;
				CLANG_WARN_COMMA = YES;
				CLANG_WARN_CONSTANT_CONVERSION = YES;
				CLANG_WARN_DEPRECATED_OBJC_IMPLEMENTATIONS = YES;
				CLANG_WARN_DIRECT_OBJC_ISA_USAGE = YES_ERROR;
				CLANG_WARN_DOCUMENTATION_COMMENTS = YES;
				CLANG_WARN_EMPTY_BODY = YES;
				CLANG_WARN_ENUM_CONVERSION = YES;
				CLANG_WARN_INFINITE_RECURSION = YES;
				CLANG_WARN_INT_CONVERSION = YES;
				CLANG_WARN_NON_LITERAL_NULL_CONVERSION = YES;
				CLANG_WARN_OBJC_IMPLICIT_RETAIN_SELF = YES;
				CLANG_WARN_OBJC_LITERAL_CONVERSION = YES;
				CLANG_WARN_OBJC_ROOT_CLASS = YES_ERROR;
				CLANG_WARN_RANGE_LOOP_ANALYSIS = YES;
				CLANG_WARN_STRICT_PROTOTYPES = YES;
				CLANG_WARN_SUSPICIOUS_MOVE = YES;
				CLANG_WARN_UNGUARDED_AVAILABILITY = YES_AGGRESSIVE;
				CLANG_WARN_UNREACHABLE_CODE = YES;
				CLANG_WARN__DUPLICATE_METHOD_MATCH = YES;
				COPY_PHASE_STRIP = NO;
				DEBUG_INFORMATION_FORMAT = "dwarf-with-dsym";
				ENABLE_NS_ASSERTIONS = NO;
				ENABLE_STRICT_OBJC_MSGSEND = YES;
				GCC_C_LANGUAGE_STANDARD = gnu11;
				GCC_NO_COMMON_BLOCKS = YES;
				GCC_WARN_64_TO_32_BIT_CONVERSION = YES;
				GCC_WARN_ABOUT_RETURN_TYPE = YES_ERROR;
				GCC_WARN_UNDECLARED_SELECTOR = YES;
				GCC_WARN_UNINITIALIZED_AUTOS = YES_AGGRESSIVE;
				GCC_WARN_UNUSED_FUNCTION = YES;
				GCC_WARN_UNUSED_VARIABLE = YES;
				IPHONEOS_DEPLOYMENT_TARGET = 13.4;
				MTL_ENABLE_DEBUG_INFO = NO;
				MTL_FAST_MATH = YES;
				SDKROOT = iphoneos;
				SWIFT_COMPILATION_MODE = wholemodule;
				SWIFT_OPTIMIZATION_LEVEL = "-O";
				VALIDATE_PRODUCT = YES;
			};
			name = Release;
		};
		155908012484235B00B18440 /* Debug */ = {
			isa = XCBuildConfiguration;
			buildSettings = {
				ASSETCATALOG_COMPILER_APPICON_NAME = AppIcon;
				CODE_SIGN_STYLE = Automatic;
				DEVELOPMENT_TEAM = K8SYKS5XRJ;
				INFOPLIST_FILE = "Colour Picker/Info.plist";
				LD_RUNPATH_SEARCH_PATHS = (
					"$(inherited)",
					"@executable_path/Frameworks",
				);
				PRODUCT_BUNDLE_IDENTIFIER = "com.ahmadmurad.Colour-Picker";
				PRODUCT_NAME = "$(TARGET_NAME)";
				SWIFT_VERSION = 5.0;
				TARGETED_DEVICE_FAMILY = "1,2";
			};
			name = Debug;
		};
		155908022484235B00B18440 /* Release */ = {
			isa = XCBuildConfiguration;
			buildSettings = {
				ASSETCATALOG_COMPILER_APPICON_NAME = AppIcon;
				CODE_SIGN_STYLE = Automatic;
				DEVELOPMENT_TEAM = K8SYKS5XRJ;
				INFOPLIST_FILE = "Colour Picker/Info.plist";
				LD_RUNPATH_SEARCH_PATHS = (
					"$(inherited)",
					"@executable_path/Frameworks",
				);
				PRODUCT_BUNDLE_IDENTIFIER = "com.ahmadmurad.Colour-Picker";
				PRODUCT_NAME = "$(TARGET_NAME)";
				SWIFT_VERSION = 5.0;
				TARGETED_DEVICE_FAMILY = "1,2";
			};
			name = Release;
		};
/* End XCBuildConfiguration section */

/* Begin XCConfigurationList section */
		155907E72484235800B18440 /* Build configuration list for PBXProject "Colour Picker" */ = {
			isa = XCConfigurationList;
			buildConfigurations = (
				155907FE2484235B00B18440 /* Debug */,
				155907FF2484235B00B18440 /* Release */,
			);
			defaultConfigurationIsVisible = 0;
			defaultConfigurationName = Release;
		};
		155908002484235B00B18440 /* Build configuration list for PBXNativeTarget "Colour Picker" */ = {
			isa = XCConfigurationList;
			buildConfigurations = (
				155908012484235B00B18440 /* Debug */,
				155908022484235B00B18440 /* Release */,
			);
			defaultConfigurationIsVisible = 0;
			defaultConfigurationName = Release;
		};
/* End XCConfigurationList section */
	};
	rootObject = 155907E42484235800B18440 /* Project object */;
}
